
Microsoft Visual Studio Solution File, Format Version 12.00
# Visual Studio Version 17
VisualStudioVersion = 17.4.33213.308
MinimumVisualStudioVersion = 10.0.40219.1
Project("{FAE04EC0-301F-11D3-BF4B-00C04F79EFBC}") = "asp", "asp\asp.csproj", "{A7445E24-5C1A-4917-B11E-DCC6BDAB2AB0}"
EndProject
Global
	GlobalSection(SolutionConfigurationPlatforms) = preSolution
		Debug|Any CPU = Debug|Any CPU
		Release|Any CPU = Release|Any CPU
	EndGlobalSection
	GlobalSection(ProjectConfigurationPlatforms) = postSolution
		{A7445E24-5C1A-4917-B11E-DCC6BDAB2AB0}.Debug|Any CPU.ActiveCfg = Debug|Any CPU
		{A7445E24-5C1A-4917-B11E-DCC6BDAB2AB0}.Debug|Any CPU.Build.0 = Debug|Any CPU
		{A7445E24-5C1A-4917-B11E-DCC6BDAB2AB0}.Release|Any CPU.ActiveCfg = Release|Any CPU
		{A7445E24-5C1A-4917-B11E-DCC6BDAB2AB0}.Release|Any CPU.Build.0 = Release|Any CPU
	EndGlobalSection
	GlobalSection(SolutionProperties) = preSolution
		HideSolutionNode = FALSE
	EndGlobalSection
	GlobalSection(ExtensibilityGlobals) = postSolution
		SolutionGuid = {1E667920-F1D9-47F0-AC37-20DAA52E7DA0}
	EndGlobalSection
EndGlobal
